
Microsoft Visual Studio Solution File, Format Version 12.00
# Visual Studio Version 16
VisualStudioVersion = 16.0.31112.23
MinimumVisualStudioVersion = 10.0.40219.1
Project("{FAE04EC0-301F-11D3-BF4B-00C04F79EFBC}") = "Geometri_opgave", "Geometri_opgave.csproj", "{28242850-3300-4198-95EF-9D1A89A0613C}"
EndProject
Global
	GlobalSection(SolutionConfigurationPlatforms) = preSolution
		Debug|Any CPU = Debug|Any CPU
		Release|Any CPU = Release|Any CPU
	EndGlobalSection
	GlobalSection(ProjectConfigurationPlatforms) = postSolution
		{28242850-3300-4198-95EF-9D1A89A0613C}.Debug|Any CPU.ActiveCfg = Debug|Any CPU
		{28242850-3300-4198-95EF-9D1A89A0613C}.Debug|Any CPU.Build.0 = Debug|Any CPU
		{28242850-3300-4198-95EF-9D1A89A0613C}.Release|Any CPU.ActiveCfg = Release|Any CPU
		{28242850-3300-4198-95EF-9D1A89A0613C}.Release|Any CPU.Build.0 = Release|Any CPU
	EndGlobalSection
	GlobalSection(SolutionProperties) = preSolution
		HideSolutionNode = FALSE
	EndGlobalSection
	GlobalSection(ExtensibilityGlobals) = postSolution
		SolutionGuid = {8ED357AF-4C43-436F-B195-096D0F6B7428}
	EndGlobalSection
EndGlobal
